
Microsoft Visual Studio Solution File, Format Version 12.00
# Visual Studio 15
VisualStudioVersion = 15.0.27703.2035
MinimumVisualStudioVersion = 10.0.40219.1
Project("{FAE04EC0-301F-11D3-BF4B-00C04F79EFBC}") = "Amalay.FoodOrder", "Amalay.FoodOrder\Amalay.FoodOrder.csproj", "{22BC3000-AE04-4CE6-980B-C6B0179E2858}"
EndProject
Project("{FAE04EC0-301F-11D3-BF4B-00C04F79EFBC}") = "Amalay.FoodOrder.Tests", "Amalay.FoodOrder.Tests\Amalay.FoodOrder.Tests.csproj", "{68FE6331-F57C-4830-BEB1-E2EC45C2D15A}"
EndProject
Global
	GlobalSection(SolutionConfigurationPlatforms) = preSolution
		Debug|Any CPU = Debug|Any CPU
		Release|Any CPU = Release|Any CPU
	EndGlobalSection
	GlobalSection(ProjectConfigurationPlatforms) = postSolution
		{22BC3000-AE04-4CE6-980B-C6B0179E2858}.Debug|Any CPU.ActiveCfg = Debug|Any CPU
		{22BC3000-AE04-4CE6-980B-C6B0179E2858}.Debug|Any CPU.Build.0 = Debug|Any CPU
		{22BC3000-AE04-4CE6-980B-C6B0179E2858}.Release|Any CPU.ActiveCfg = Release|Any CPU
		{22BC3000-AE04-4CE6-980B-C6B0179E2858}.Release|Any CPU.Build.0 = Release|Any CPU
		{68FE6331-F57C-4830-BEB1-E2EC45C2D15A}.Debug|Any CPU.ActiveCfg = Debug|Any CPU
		{68FE6331-F57C-4830-BEB1-E2EC45C2D15A}.Debug|Any CPU.Build.0 = Debug|Any CPU
		{68FE6331-F57C-4830-BEB1-E2EC45C2D15A}.Release|Any CPU.ActiveCfg = Release|Any CPU
		{68FE6331-F57C-4830-BEB1-E2EC45C2D15A}.Release|Any CPU.Build.0 = Release|Any CPU
	EndGlobalSection
	GlobalSection(SolutionProperties) = preSolution
		HideSolutionNode = FALSE
	EndGlobalSection
	GlobalSection(ExtensibilityGlobals) = postSolution
		SolutionGuid = {145AA0D4-933B-459A-B93F-2A6BE9F837C3}
	EndGlobalSection
EndGlobal
