
Microsoft Visual Studio Solution File, Format Version 12.00
# Visual Studio 15
VisualStudioVersion = 15.0.28010.2026
MinimumVisualStudioVersion = 10.0.40219.1
Project("{9B56FCB0-63B4-404F-8A09-42EF52B53347}") = "SFMesh", "SFMesh\SFMesh.sfaproj", "{9D411F23-84AA-4A53-AEE3-5F660F6CE170}"
EndProject
Project("{FAE04EC0-301F-11D3-BF4B-00C04F79EFBC}") = "EMSWeb", "EMSWeb\EMSWeb.csproj", "{9B55AE98-2BA2-4F38-A50C-6E97578096F4}"
EndProject
Global
	GlobalSection(SolutionConfigurationPlatforms) = preSolution
		Debug|Any CPU = Debug|Any CPU
		Release|Any CPU = Release|Any CPU
	EndGlobalSection
	GlobalSection(ProjectConfigurationPlatforms) = postSolution
		{9D411F23-84AA-4A53-AEE3-5F660F6CE170}.Debug|Any CPU.ActiveCfg = Debug|Any CPU
		{9D411F23-84AA-4A53-AEE3-5F660F6CE170}.Debug|Any CPU.Build.0 = Debug|Any CPU
		{9D411F23-84AA-4A53-AEE3-5F660F6CE170}.Release|Any CPU.ActiveCfg = Release|Any CPU
		{9D411F23-84AA-4A53-AEE3-5F660F6CE170}.Release|Any CPU.Build.0 = Release|Any CPU
		{9B55AE98-2BA2-4F38-A50C-6E97578096F4}.Debug|Any CPU.ActiveCfg = Debug|Any CPU
		{9B55AE98-2BA2-4F38-A50C-6E97578096F4}.Debug|Any CPU.Build.0 = Debug|Any CPU
		{9B55AE98-2BA2-4F38-A50C-6E97578096F4}.Release|Any CPU.ActiveCfg = Release|Any CPU
		{9B55AE98-2BA2-4F38-A50C-6E97578096F4}.Release|Any CPU.Build.0 = Release|Any CPU
	EndGlobalSection
	GlobalSection(SolutionProperties) = preSolution
		HideSolutionNode = FALSE
	EndGlobalSection
	GlobalSection(ExtensibilityGlobals) = postSolution
		SolutionGuid = {6C9323B8-7554-48FB-895B-2B5011A9698F}
	EndGlobalSection
EndGlobal
