
Microsoft Visual Studio Solution File, Format Version 12.00
# Visual Studio 14
VisualStudioVersion = 14.0.25420.1
MinimumVisualStudioVersion = 10.0.40219.1
Project("{FAE04EC0-301F-11D3-BF4B-00C04F79EFBC}") = "Amalay.TicketBooking", "Amalay.TicketBooking\Amalay.TicketBooking.csproj", "{D8AA0F8A-35D9-4914-9C06-B1E7453FDCF8}"
EndProject
Project("{FAE04EC0-301F-11D3-BF4B-00C04F79EFBC}") = "Amalay.TicketBooking.Tests", "Amalay.TicketBooking.Tests\Amalay.TicketBooking.Tests.csproj", "{A592E03E-8994-411B-9BEC-6CD62ACD8CD9}"
EndProject
Global
	GlobalSection(SolutionConfigurationPlatforms) = preSolution
		Debug|Any CPU = Debug|Any CPU
		Release|Any CPU = Release|Any CPU
	EndGlobalSection
	GlobalSection(ProjectConfigurationPlatforms) = postSolution
		{D8AA0F8A-35D9-4914-9C06-B1E7453FDCF8}.Debug|Any CPU.ActiveCfg = Debug|Any CPU
		{D8AA0F8A-35D9-4914-9C06-B1E7453FDCF8}.Debug|Any CPU.Build.0 = Debug|Any CPU
		{D8AA0F8A-35D9-4914-9C06-B1E7453FDCF8}.Release|Any CPU.ActiveCfg = Release|Any CPU
		{D8AA0F8A-35D9-4914-9C06-B1E7453FDCF8}.Release|Any CPU.Build.0 = Release|Any CPU
		{A592E03E-8994-411B-9BEC-6CD62ACD8CD9}.Debug|Any CPU.ActiveCfg = Debug|Any CPU
		{A592E03E-8994-411B-9BEC-6CD62ACD8CD9}.Debug|Any CPU.Build.0 = Debug|Any CPU
		{A592E03E-8994-411B-9BEC-6CD62ACD8CD9}.Release|Any CPU.ActiveCfg = Release|Any CPU
		{A592E03E-8994-411B-9BEC-6CD62ACD8CD9}.Release|Any CPU.Build.0 = Release|Any CPU
	EndGlobalSection
	GlobalSection(SolutionProperties) = preSolution
		HideSolutionNode = FALSE
	EndGlobalSection
EndGlobal
